
Microsoft Visual Studio Solution File, Format Version 12.00
# Visual Studio Version 17
VisualStudioVersion = 17.9.34728.123
MinimumVisualStudioVersion = 10.0.40219.1
Project("{FAE04EC0-301F-11D3-BF4B-00C04F79EFBC}") = "MauiAppMinhasCompras", "MauiAppMinhasCompras\MauiAppMinhasCompras.csproj", "{3E7976EF-E5DD-4EA1-B837-E7FB7298DB04}"
EndProject
Global
	GlobalSection(SolutionConfigurationPlatforms) = preSolution
		Debug|Any CPU = Debug|Any CPU
		Release|Any CPU = Release|Any CPU
	EndGlobalSection
	GlobalSection(ProjectConfigurationPlatforms) = postSolution
		{3E7976EF-E5DD-4EA1-B837-E7FB7298DB04}.Debug|Any CPU.ActiveCfg = Debug|Any CPU
		{3E7976EF-E5DD-4EA1-B837-E7FB7298DB04}.Debug|Any CPU.Build.0 = Debug|Any CPU
		{3E7976EF-E5DD-4EA1-B837-E7FB7298DB04}.Debug|Any CPU.Deploy.0 = Debug|Any CPU
		{3E7976EF-E5DD-4EA1-B837-E7FB7298DB04}.Release|Any CPU.ActiveCfg = Release|Any CPU
		{3E7976EF-E5DD-4EA1-B837-E7FB7298DB04}.Release|Any CPU.Build.0 = Release|Any CPU
		{3E7976EF-E5DD-4EA1-B837-E7FB7298DB04}.Release|Any CPU.Deploy.0 = Release|Any CPU
	EndGlobalSection
	GlobalSection(SolutionProperties) = preSolution
		HideSolutionNode = FALSE
	EndGlobalSection
	GlobalSection(ExtensibilityGlobals) = postSolution
		SolutionGuid = {03D84436-AF09-464C-8596-53776D6C89E0}
	EndGlobalSection
EndGlobal
